gocv.io/x/gocv v0.23.1-0.20200711091410-50441f6fa7bf h1:Ew5GXx+tmJpVn0U+Sj0Nlixi7w/ILuOL1gBdnmVFq04=
gocv.io/x/gocv v0.23.1-0.20200711091410-50441f6fa7bf/go.mod h1:Rar2PS6DV+T4FL+PM535EImD/h13hGVaHhnCu1xarBs=
gocv.io/x/gocv v0.23.1-0.20200720180016-a1ecdc4b0790 h1:UP6z7neyZeq41fMgmIZaPEbg/KbczLiiqU8G4UDNwes=
gocv.io/x/gocv v0.23.1-0.20200720180016-a1ecdc4b0790/go.mod h1:Rar2PS6DV+T4FL+PM535EImD/h13hGVaHhnCu1xarBs=
